
Microsoft Visual Studio Solution File, Format Version 12.00
# Visual Studio Version 17
VisualStudioVersion = 17.0.31903.59
MinimumVisualStudioVersion = 10.0.40219.1
Project("{FAE04EC0-301F-11D3-BF4B-00C04F79EFBC}") = "CafeAndRestaurant", "CafeAndRestaurant\CafeAndRestaurant.csproj", "{9F1239D9-A48D-45B5-8F60-698FF1106DE5}"
EndProject
Project("{FAE04EC0-301F-11D3-BF4B-00C04F79EFBC}") = "CafeAndRestaurantLib", "CafeAndRestaurantLib\CafeAndRestaurantLib.csproj", "{0627B8C5-0817-4B74-A31A-C02048FB8DDB}"
EndProject
Global
	GlobalSection(SolutionConfigurationPlatforms) = preSolution
		Debug|Any CPU = Debug|Any CPU
		Release|Any CPU = Release|Any CPU
	EndGlobalSection
	GlobalSection(ProjectConfigurationPlatforms) = postSolution
		{9F1239D9-A48D-45B5-8F60-698FF1106DE5}.Debug|Any CPU.ActiveCfg = Debug|Any CPU
		{9F1239D9-A48D-45B5-8F60-698FF1106DE5}.Debug|Any CPU.Build.0 = Debug|Any CPU
		{9F1239D9-A48D-45B5-8F60-698FF1106DE5}.Release|Any CPU.ActiveCfg = Release|Any CPU
		{9F1239D9-A48D-45B5-8F60-698FF1106DE5}.Release|Any CPU.Build.0 = Release|Any CPU
		{0627B8C5-0817-4B74-A31A-C02048FB8DDB}.Debug|Any CPU.ActiveCfg = Debug|Any CPU
		{0627B8C5-0817-4B74-A31A-C02048FB8DDB}.Debug|Any CPU.Build.0 = Debug|Any CPU
		{0627B8C5-0817-4B74-A31A-C02048FB8DDB}.Release|Any CPU.ActiveCfg = Release|Any CPU
		{0627B8C5-0817-4B74-A31A-C02048FB8DDB}.Release|Any CPU.Build.0 = Release|Any CPU
	EndGlobalSection
	GlobalSection(SolutionProperties) = preSolution
		HideSolutionNode = FALSE
	EndGlobalSection
	GlobalSection(ExtensibilityGlobals) = postSolution
		SolutionGuid = {077CC00C-FD0B-495F-AF1A-B8CFD1341692}
	EndGlobalSection
EndGlobal
